
Microsoft Visual Studio Solution File, Format Version 12.00
# Visual Studio Version 17
VisualStudioVersion = 17.5.33424.131
MinimumVisualStudioVersion = 10.0.40219.1
Project("{FAE04EC0-301F-11D3-BF4B-00C04F79EFBC}") = "ClubeDaLeituraDaCamile.ConsoleApp", "ClubeDaLeituraDaCamile.ConsoleApp\ClubeDaLeituraDaCamile.ConsoleApp.csproj", "{2494A006-308A-445B-8C7B-5C790F28516A}"
EndProject
Global
	GlobalSection(SolutionConfigurationPlatforms) = preSolution
		Debug|Any CPU = Debug|Any CPU
		Release|Any CPU = Release|Any CPU
	EndGlobalSection
	GlobalSection(ProjectConfigurationPlatforms) = postSolution
		{2494A006-308A-445B-8C7B-5C790F28516A}.Debug|Any CPU.ActiveCfg = Debug|Any CPU
		{2494A006-308A-445B-8C7B-5C790F28516A}.Debug|Any CPU.Build.0 = Debug|Any CPU
		{2494A006-308A-445B-8C7B-5C790F28516A}.Release|Any CPU.ActiveCfg = Release|Any CPU
		{2494A006-308A-445B-8C7B-5C790F28516A}.Release|Any CPU.Build.0 = Release|Any CPU
	EndGlobalSection
	GlobalSection(SolutionProperties) = preSolution
		HideSolutionNode = FALSE
	EndGlobalSection
	GlobalSection(ExtensibilityGlobals) = postSolution
		SolutionGuid = {3449A9D2-39E2-4051-8E5B-94216921D5F8}
	EndGlobalSection
EndGlobal
